
Microsoft Visual Studio Solution File, Format Version 12.00
# Visual Studio Version 16
VisualStudioVersion = 16.0.32126.315
MinimumVisualStudioVersion = 10.0.40219.1
Project("{FAE04EC0-301F-11D3-BF4B-00C04F79EFBC}") = "Consola", "Consola\Consola.csproj", "{77E3C84D-98E2-428B-8061-23D8080F80A7}"
EndProject
Project("{FAE04EC0-301F-11D3-BF4B-00C04F79EFBC}") = "Web", "Web\Web.csproj", "{5435961F-7660-4B75-AE27-E9E8E44A5735}"
EndProject
Global
	GlobalSection(SolutionConfigurationPlatforms) = preSolution
		Debug|Any CPU = Debug|Any CPU
		Release|Any CPU = Release|Any CPU
	EndGlobalSection
	GlobalSection(ProjectConfigurationPlatforms) = postSolution
		{77E3C84D-98E2-428B-8061-23D8080F80A7}.Debug|Any CPU.ActiveCfg = Debug|Any CPU
		{77E3C84D-98E2-428B-8061-23D8080F80A7}.Debug|Any CPU.Build.0 = Debug|Any CPU
		{77E3C84D-98E2-428B-8061-23D8080F80A7}.Release|Any CPU.ActiveCfg = Release|Any CPU
		{77E3C84D-98E2-428B-8061-23D8080F80A7}.Release|Any CPU.Build.0 = Release|Any CPU
		{5435961F-7660-4B75-AE27-E9E8E44A5735}.Debug|Any CPU.ActiveCfg = Debug|Any CPU
		{5435961F-7660-4B75-AE27-E9E8E44A5735}.Debug|Any CPU.Build.0 = Debug|Any CPU
		{5435961F-7660-4B75-AE27-E9E8E44A5735}.Release|Any CPU.ActiveCfg = Release|Any CPU
		{5435961F-7660-4B75-AE27-E9E8E44A5735}.Release|Any CPU.Build.0 = Release|Any CPU
	EndGlobalSection
	GlobalSection(SolutionProperties) = preSolution
		HideSolutionNode = FALSE
	EndGlobalSection
	GlobalSection(ExtensibilityGlobals) = postSolution
		SolutionGuid = {37449BCA-0299-4961-9A69-D175CC655147}
	EndGlobalSection
EndGlobal
